// !$*UTF8*$!
{
	archiveVersion = 1;
	classes = {
	};
	objectVersion = 46;
	objects = {

/* Begin PBXBuildFile section */
		067BCDCE1EC3556D007861A5 /* avater-default-girl.png in Resources */ = {isa = PBXBuildFile; fileRef = 067BCDCC1EC3556D007861A5 /* avater-default-girl.png */; };
		067BCDCF1EC3556D007861A5 /* checked.png in Resources */ = {isa = PBXBuildFile; fileRef = 067BCDCD1EC3556D007861A5 /* checked.png */; };
		067BCDD11EC3557D007861A5 /* record.png in Resources */ = {isa = PBXBuildFile; fileRef = 067BCDD01EC3557D007861A5 /* record.png */; };
		067BCDD31EC3558D007861A5 /* placeholder.png in Resources */ = {isa = PBXBuildFile; fileRef = 067BCDD21EC3558D007861A5 /* placeholder.png */; };
		06802A541EE39C9F007E8AC9 /* arrow-left.png in Resources */ = {isa = PBXBuildFile; fileRef = 06802A531EE39C9F007E8AC9 /* arrow-left.png */; };
		06802A561EE54D9B007E8AC9 /* Util.swift in Sources */ = {isa = PBXBuildFile; fileRef = 06802A551EE54D9B007E8AC9 /* Util.swift */; };
		06802A581EE5682D007E8AC9 /* share.png in Resources */ = {isa = PBXBuildFile; fileRef = 06802A571EE5682D007E8AC9 /* share.png */; };
		0684D87E1EC03971000E204E /* ArticleListModel.swift in Sources */ = {isa = PBXBuildFile; fileRef = 0684D87D1EC03971000E204E /* ArticleListModel.swift */; };
		0684D8801EC03D13000E204E /* AuthorInfoModel.swift in Sources */ = {isa = PBXBuildFile; fileRef = 0684D87F1EC03D13000E204E /* AuthorInfoModel.swift */; };
		069494571EC0BE43002814EC /* ArticleViewController.swift in Sources */ = {isa = PBXBuildFile; fileRef = 069494561EC0BE43002814EC /* ArticleViewController.swift */; };
		069494591EC0BE60002814EC /* ArticleViewController.storyboard in Resources */ = {isa = PBXBuildFile; fileRef = 069494581EC0BE60002814EC /* ArticleViewController.storyboard */; };
		0694945B1EC3689C002814EC /* UIView+XIBEdit.swift in Sources */ = {isa = PBXBuildFile; fileRef = 0694945A1EC3689C002814EC /* UIView+XIBEdit.swift */; };
		06A593481EBA36410048A98D /* WishListMapViewController.storyboard in Resources */ = {isa = PBXBuildFile; fileRef = 06A593471EBA36410048A98D /* WishListMapViewController.storyboard */; };
		06D1C2E71EE6BCF300E0D20F /* star@3x.png in Resources */ = {isa = PBXBuildFile; fileRef = 06D1C2E61EE6BCF300E0D20F /* star@3x.png */; };
		06D1C2E91EE6BDD200E0D20F /* target@3x.png in Resources */ = {isa = PBXBuildFile; fileRef = 06D1C2E81EE6BDD200E0D20F /* target@3x.png */; };
		06D1C2EB1EE943BD00E0D20F /* chat.png in Resources */ = {isa = PBXBuildFile; fileRef = 06D1C2EA1EE943BD00E0D20F /* chat.png */; };
		06D1C2ED1EEA448100E0D20F /* target-color.png in Resources */ = {isa = PBXBuildFile; fileRef = 06D1C2EC1EEA448100E0D20F /* target-color.png */; };
		06D1C2F31EEA48B500E0D20F /* target-o.png in Resources */ = {isa = PBXBuildFile; fileRef = 06D1C2F21EEA48B500E0D20F /* target-o.png */; };
		06D1C2F51EEBDE2400E0D20F /* article.png in Resources */ = {isa = PBXBuildFile; fileRef = 06D1C2F41EEBDE2400E0D20F /* article.png */; };
		06F09B3A1EBB0804002FD77C /* CONST.swift in Sources */ = {isa = PBXBuildFile; fileRef = 06F09B391EBB0804002FD77C /* CONST.swift */; };
		06F09B421EBB141C002FD77C /* ArticleListCellAuthorView.xib in Resources */ = {isa = PBXBuildFile; fileRef = 06F09B411EBB141C002FD77C /* ArticleListCellAuthorView.xib */; };
		06F09B441EBB15D4002FD77C /* ArticleListCellAuthorView.swift in Sources */ = {isa = PBXBuildFile; fileRef = 06F09B431EBB15D4002FD77C /* ArticleListCellAuthorView.swift */; };
		06F6EA3D1EBA2E8700278594 /* AppDelegate.swift in Sources */ = {isa = PBXBuildFile; fileRef = 06F6EA3C1EBA2E8700278594 /* AppDelegate.swift */; };
		06F6EA421EBA2E8700278594 /* Main.storyboard in Resources */ = {isa = PBXBuildFile; fileRef = 06F6EA401EBA2E8700278594 /* Main.storyboard */; };
		06F6EA441EBA2E8700278594 /* Assets.xcassets in Resources */ = {isa = PBXBuildFile; fileRef = 06F6EA431EBA2E8700278594 /* Assets.xcassets */; };
		06F6EA471EBA2E8700278594 /* LaunchScreen.storyboard in Resources */ = {isa = PBXBuildFile; fileRef = 06F6EA451EBA2E8700278594 /* LaunchScreen.storyboard */; };
		06F6EA531EBA2FDA00278594 /* MainTabBarController.swift in Sources */ = {isa = PBXBuildFile; fileRef = 06F6EA521EBA2FDA00278594 /* MainTabBarController.swift */; };
		06F6EA551EBA306A00278594 /* ArticleNavigationController.swift in Sources */ = {isa = PBXBuildFile; fileRef = 06F6EA541EBA306A00278594 /* ArticleNavigationController.swift */; };
		06F6EA571EBA308600278594 /* WishNavigationController.swift in Sources */ = {isa = PBXBuildFile; fileRef = 06F6EA561EBA308600278594 /* WishNavigationController.swift */; };
		06F6EA5B1EBA30B000278594 /* MineNavigationController.swift in Sources */ = {isa = PBXBuildFile; fileRef = 06F6EA5A1EBA30B000278594 /* MineNavigationController.swift */; };
		06F6EA5E1EBA30DF00278594 /* ArticleListTableViewController.swift in Sources */ = {isa = PBXBuildFile; fileRef = 06F6EA5C1EBA30DF00278594 /* ArticleListTableViewController.swift */; };
		06F6EA641EBA319400278594 /* ArticleTypeATableViewCell.swift in Sources */ = {isa = PBXBuildFile; fileRef = 06F6EA621EBA319400278594 /* ArticleTypeATableViewCell.swift */; };
		06F6EA651EBA319400278594 /* ArticleTypeATableViewCell.xib in Resources */ = {isa = PBXBuildFile; fileRef = 06F6EA631EBA319400278594 /* ArticleTypeATableViewCell.xib */; };
		06F6EA681EBA31AA00278594 /* ArticleTypeBTableViewCell.swift in Sources */ = {isa = PBXBuildFile; fileRef = 06F6EA661EBA31AA00278594 /* ArticleTypeBTableViewCell.swift */; };
		06F6EA691EBA31AA00278594 /* ArticleTypeBTableViewCell.xib in Resources */ = {isa = PBXBuildFile; fileRef = 06F6EA671EBA31AA00278594 /* ArticleTypeBTableViewCell.xib */; };
		06F6EA6C1EBA31C500278594 /* ArticleTypeCTableViewCell.swift in Sources */ = {isa = PBXBuildFile; fileRef = 06F6EA6A1EBA31C500278594 /* ArticleTypeCTableViewCell.swift */; };
		06F6EA6D1EBA31C500278594 /* ArticleTypeCTableViewCell.xib in Resources */ = {isa = PBXBuildFile; fileRef = 06F6EA6B1EBA31C500278594 /* ArticleTypeCTableViewCell.xib */; };
		06F6EA701EBA321D00278594 /* WishListMapViewController.swift in Sources */ = {isa = PBXBuildFile; fileRef = 06F6EA6E1EBA321D00278594 /* WishListMapViewController.swift */; };
		06F6EA741EBA327900278594 /* MineTableViewController.swift in Sources */ = {isa = PBXBuildFile; fileRef = 06F6EA721EBA327900278594 /* MineTableViewController.swift */; };
		06F6EA771EBA33A700278594 /* ArticleListTableViewController.storyboard in Resources */ = {isa = PBXBuildFile; fileRef = 06F6EA761EBA33A700278594 /* ArticleListTableViewController.storyboard */; };
/* End PBXBuildFile section */

/* Begin PBXFileReference section */
		067BCDCC1EC3556D007861A5 /* avater-default-girl.png */ = {isa = PBXFileReference; lastKnownFileType = image.png; path = "avater-default-girl.png"; sourceTree = "<group>"; };
		067BCDCD1EC3556D007861A5 /* checked.png */ = {isa = PBXFileReference; lastKnownFileType = image.png; path = checked.png; sourceTree = "<group>"; };
		067BCDD01EC3557D007861A5 /* record.png */ = {isa = PBXFileReference; lastKnownFileType = image.png; path = record.png; sourceTree = "<group>"; };
		067BCDD21EC3558D007861A5 /* placeholder.png */ = {isa = PBXFileReference; lastKnownFileType = image.png; path = placeholder.png; sourceTree = "<group>"; };
		06802A531EE39C9F007E8AC9 /* arrow-left.png */ = {isa = PBXFileReference; lastKnownFileType = image.png; path = "arrow-left.png"; sourceTree = "<group>"; };
		06802A551EE54D9B007E8AC9 /* Util.swift */ = {isa = PBXFileReference; fileEncoding = 4; lastKnownFileType = sourcecode.swift; path = Util.swift; sourceTree = "<group>"; };
		06802A571EE5682D007E8AC9 /* share.png */ = {isa = PBXFileReference; lastKnownFileType = image.png; path = share.png; sourceTree = "<group>"; };
		0684D87D1EC03971000E204E /* ArticleListModel.swift */ = {isa = PBXFileReference; fileEncoding = 4; lastKnownFileType = sourcecode.swift; path = ArticleListModel.swift; sourceTree = "<group>"; };
		0684D87F1EC03D13000E204E /* AuthorInfoModel.swift */ = {isa = PBXFileReference; fileEncoding = 4; lastKnownFileType = sourcecode.swift; path = AuthorInfoModel.swift; sourceTree = "<group>"; };
		069494561EC0BE43002814EC /* ArticleViewController.swift */ = {isa = PBXFileReference; fileEncoding = 4; lastKnownFileType = sourcecode.swift; path = ArticleViewController.swift; sourceTree = "<group>"; };
		069494581EC0BE60002814EC /* ArticleViewController.storyboard */ = {isa = PBXFileReference; fileEncoding = 4; lastKnownFileType = file.storyboard; path = ArticleViewController.storyboard; sourceTree = "<group>"; };
		0694945A1EC3689C002814EC /* UIView+XIBEdit.swift */ = {isa = PBXFileReference; fileEncoding = 4; lastKnownFileType = sourcecode.swift; path = "UIView+XIBEdit.swift"; sourceTree = "<group>"; };
		06A593471EBA36410048A98D /* WishListMapViewController.storyboard */ = {isa = PBXFileReference; fileEncoding = 4; lastKnownFileType = file.storyboard; path = WishListMapViewController.storyboard; sourceTree = "<group>"; };
		06D1C2E61EE6BCF300E0D20F /* star@3x.png */ = {isa = PBXFileReference; lastKnownFileType = image.png; path = "star@3x.png"; sourceTree = "<group>"; };
		06D1C2E81EE6BDD200E0D20F /* target@3x.png */ = {isa = PBXFileReference; lastKnownFileType = image.png; path = "target@3x.png"; sourceTree = "<group>"; };
		06D1C2EA1EE943BD00E0D20F /* chat.png */ = {isa = PBXFileReference; lastKnownFileType = image.png; path = chat.png; sourceTree = "<group>"; };
		06D1C2EC1EEA448100E0D20F /* target-color.png */ = {isa = PBXFileReference; lastKnownFileType = image.png; path = "target-color.png"; sourceTree = "<group>"; };
		06D1C2F21EEA48B500E0D20F /* target-o.png */ = {isa = PBXFileReference; lastKnownFileType = image.png; path = "target-o.png"; sourceTree = "<group>"; };
		06D1C2F41EEBDE2400E0D20F /* article.png */ = {isa = PBXFileReference; lastKnownFileType = image.png; path = article.png; sourceTree = "<group>"; };
		06F09B391EBB0804002FD77C /* CONST.swift */ = {isa = PBXFileReference; fileEncoding = 4; lastKnownFileType = sourcecode.swift; path = CONST.swift; sourceTree = "<group>"; };
		06F09B411EBB141C002FD77C /* ArticleListCellAuthorView.xib */ = {isa = PBXFileReference; fileEncoding = 4; lastKnownFileType = file.xib; path = ArticleListCellAuthorView.xib; sourceTree = "<group>"; };
		06F09B431EBB15D4002FD77C /* ArticleListCellAuthorView.swift */ = {isa = PBXFileReference; fileEncoding = 4; lastKnownFileType = sourcecode.swift; path = ArticleListCellAuthorView.swift; sourceTree = "<group>"; };
		06F6EA391EBA2E8700278594 /* Feeding.app */ = {isa = PBXFileReference; explicitFileType = wrapper.application; includeInIndex = 0; path = Feeding.app; sourceTree = BUILT_PRODUCTS_DIR; };
		06F6EA3C1EBA2E8700278594 /* AppDelegate.swift */ = {isa = PBXFileReference; lastKnownFileType = sourcecode.swift; path = AppDelegate.swift; sourceTree = "<group>"; };
		06F6EA411EBA2E8700278594 /* Base */ = {isa = PBXFileReference; lastKnownFileType = file.storyboard; name = Base; path = Base.lproj/Main.storyboard; sourceTree = "<group>"; };
		06F6EA431EBA2E8700278594 /* Assets.xcassets */ = {isa = PBXFileReference; lastKnownFileType = folder.assetcatalog; path = Assets.xcassets; sourceTree = "<group>"; };
		06F6EA461EBA2E8700278594 /* Base */ = {isa = PBXFileReference; lastKnownFileType = file.storyboard; name = Base; path = Base.lproj/LaunchScreen.storyboard; sourceTree = "<group>"; };
		06F6EA481EBA2E8700278594 /* Info.plist */ = {isa = PBXFileReference; lastKnownFileType = text.plist.xml; path = Info.plist; sourceTree = "<group>"; };
		06F6EA521EBA2FDA00278594 /* MainTabBarController.swift */ = {isa = PBXFileReference; fileEncoding = 4; lastKnownFileType = sourcecode.swift; path = MainTabBarController.swift; sourceTree = "<group>"; };
		06F6EA541EBA306A00278594 /* ArticleNavigationController.swift */ = {isa = PBXFileReference; fileEncoding = 4; lastKnownFileType = sourcecode.swift; path = ArticleNavigationController.swift; sourceTree = "<group>"; };
		06F6EA561EBA308600278594 /* WishNavigationController.swift */ = {isa = PBXFileReference; fileEncoding = 4; lastKnownFileType = sourcecode.swift; path = WishNavigationController.swift; sourceTree = "<group>"; };
		06F6EA5A1EBA30B000278594 /* MineNavigationController.swift */ = {isa = PBXFileReference; fileEncoding = 4; lastKnownFileType = sourcecode.swift; path = MineNavigationController.swift; sourceTree = "<group>"; };
		06F6EA5C1EBA30DF00278594 /* ArticleListTableViewController.swift */ = {isa = PBXFileReference; fileEncoding = 4; lastKnownFileType = sourcecode.swift; path = ArticleListTableViewController.swift; sourceTree = "<group>"; };
		06F6EA621EBA319400278594 /* ArticleTypeATableViewCell.swift */ = {isa = PBXFileReference; fileEncoding = 4; lastKnownFileType = sourcecode.swift; path = ArticleTypeATableViewCell.swift; sourceTree = "<group>"; };
		06F6EA631EBA319400278594 /* ArticleTypeATableViewCell.xib */ = {isa = PBXFileReference; fileEncoding = 4; lastKnownFileType = file.xib; path = ArticleTypeATableViewCell.xib; sourceTree = "<group>"; };
		06F6EA661EBA31AA00278594 /* ArticleTypeBTableViewCell.swift */ = {isa = PBXFileReference; fileEncoding = 4; lastKnownFileType = sourcecode.swift; path = ArticleTypeBTableViewCell.swift; sourceTree = "<group>"; };
		06F6EA671EBA31AA00278594 /* ArticleTypeBTableViewCell.xib */ = {isa = PBXFileReference; fileEncoding = 4; lastKnownFileType = file.xib; path = ArticleTypeBTableViewCell.xib; sourceTree = "<group>"; };
		06F6EA6A1EBA31C500278594 /* ArticleTypeCTableViewCell.swift */ = {isa = PBXFileReference; fileEncoding = 4; lastKnownFileType = sourcecode.swift; path = ArticleTypeCTableViewCell.swift; sourceTree = "<group>"; };
		06F6EA6B1EBA31C500278594 /* ArticleTypeCTableViewCell.xib */ = {isa = PBXFileReference; fileEncoding = 4; lastKnownFileType = file.xib; path = ArticleTypeCTableViewCell.xib; sourceTree = "<group>"; };
		06F6EA6E1EBA321D00278594 /* WishListMapViewController.swift */ = {isa = PBXFileReference; fileEncoding = 4; lastKnownFileType = sourcecode.swift; path = WishListMapViewController.swift; sourceTree = "<group>"; };
		06F6EA721EBA327900278594 /* MineTableViewController.swift */ = {isa = PBXFileReference; fileEncoding = 4; lastKnownFileType = sourcecode.swift; path = MineTableViewController.swift; sourceTree = "<group>"; };
		06F6EA761EBA33A700278594 /* ArticleListTableViewController.storyboard */ = {isa = PBXFileReference; fileEncoding = 4; lastKnownFileType = file.storyboard; path = ArticleListTableViewController.storyboard; sourceTree = "<group>"; };
/* End PBXFileReference section */

/* Begin PBXFrameworksBuildPhase section */
		06F6EA361EBA2E8700278594 /* Frameworks */ = {
			isa = PBXFrameworksBuildPhase;
			buildActionMask = 2147483647;
			files = (
			);
			runOnlyForDeploymentPostprocessing = 0;
		};
/* End PBXFrameworksBuildPhase section */

/* Begin PBXGroup section */
		067BCDCA1EC35554007861A5 /* Resource */ = {
			isa = PBXGroup;
			children = (
				067BCDCB1EC35563007861A5 /* Image */,
			);
			name = Resource;
			sourceTree = "<group>";
		};
		067BCDCB1EC35563007861A5 /* Image */ = {
			isa = PBXGroup;
			children = (
				06D1C2F41EEBDE2400E0D20F /* article.png */,
				06D1C2EA1EE943BD00E0D20F /* chat.png */,
				06D1C2F21EEA48B500E0D20F /* target-o.png */,
				06D1C2E61EE6BCF300E0D20F /* star@3x.png */,
				06802A571EE5682D007E8AC9 /* share.png */,
				06802A531EE39C9F007E8AC9 /* arrow-left.png */,
				06D1C2E81EE6BDD200E0D20F /* target@3x.png */,
				06D1C2EC1EEA448100E0D20F /* target-color.png */,
				067BCDCC1EC3556D007861A5 /* avater-default-girl.png */,
				067BCDCD1EC3556D007861A5 /* checked.png */,
				067BCDD01EC3557D007861A5 /* record.png */,
				067BCDD21EC3558D007861A5 /* placeholder.png */,
			);
			name = Image;
			sourceTree = "<group>";
		};
		0684D87C1EC03950000E204E /* Model */ = {
			isa = PBXGroup;
			children = (
				0684D87D1EC03971000E204E /* ArticleListModel.swift */,
				0684D87F1EC03D13000E204E /* AuthorInfoModel.swift */,
			);
			name = Model;
			sourceTree = "<group>";
		};
		06F09B3B1EBB129B002FD77C /* Storyboard */ = {
			isa = PBXGroup;
			children = (
				06F6EA451EBA2E8700278594 /* LaunchScreen.storyboard */,
				06F6EA401EBA2E8700278594 /* Main.storyboard */,
				06F6EA761EBA33A700278594 /* ArticleListTableViewController.storyboard */,
				069494581EC0BE60002814EC /* ArticleViewController.storyboard */,
				06A593471EBA36410048A98D /* WishListMapViewController.storyboard */,
			);
			name = Storyboard;
			sourceTree = "<group>";
		};
		06F09B3C1EBB12AB002FD77C /* View */ = {
			isa = PBXGroup;
			children = (
				06F09B411EBB141C002FD77C /* ArticleListCellAuthorView.xib */,
			);
			name = View;
			sourceTree = "<group>";
		};
		06F09B3D1EBB1344002FD77C /* ViewController */ = {
			isa = PBXGroup;
			children = (
				06F6EA5C1EBA30DF00278594 /* ArticleListTableViewController.swift */,
				069494561EC0BE43002814EC /* ArticleViewController.swift */,
				06F6EA6E1EBA321D00278594 /* WishListMapViewController.swift */,
				06F6EA721EBA327900278594 /* MineTableViewController.swift */,
			);
			name = ViewController;
			sourceTree = "<group>";
		};
		06F09B3E1EBB1359002FD77C /* View */ = {
			isa = PBXGroup;
			children = (
				06F09B431EBB15D4002FD77C /* ArticleListCellAuthorView.swift */,
			);
			name = View;
			sourceTree = "<group>";
		};
		06F6EA301EBA2E8700278594 = {
			isa = PBXGroup;
			children = (
				06F6EA3B1EBA2E8700278594 /* Feeding */,
				06F6EA3A1EBA2E8700278594 /* Products */,
			);
			sourceTree = "<group>";
		};
		06F6EA3A1EBA2E8700278594 /* Products */ = {
			isa = PBXGroup;
			children = (
				06F6EA391EBA2E8700278594 /* Feeding.app */,
			);
			name = Products;
			sourceTree = "<group>";
		};
		06F6EA3B1EBA2E8700278594 /* Feeding */ = {
			isa = PBXGroup;
			children = (
				067BCDCA1EC35554007861A5 /* Resource */,
				06F6EA4E1EBA2F3200278594 /* UI */,
				0684D87C1EC03950000E204E /* Model */,
				06F6EA501EBA2F7500278594 /* View */,
				06F6EA4F1EBA2F5100278594 /* Support */,
			);
			path = Feeding;
			sourceTree = "<group>";
		};
		06F6EA4E1EBA2F3200278594 /* UI */ = {
			isa = PBXGroup;
			children = (
				06F09B3C1EBB12AB002FD77C /* View */,
				06F09B3B1EBB129B002FD77C /* Storyboard */,
				06F6EA601EBA311800278594 /* Cell */,
			);
			name = UI;
			sourceTree = "<group>";
		};
		06F6EA4F1EBA2F5100278594 /* Support */ = {
			isa = PBXGroup;
			children = (
				06F6EA3C1EBA2E8700278594 /* AppDelegate.swift */,
				06802A551EE54D9B007E8AC9 /* Util.swift */,
				06F09B391EBB0804002FD77C /* CONST.swift */,
				06F6EA481EBA2E8700278594 /* Info.plist */,
				06F6EA431EBA2E8700278594 /* Assets.xcassets */,
				0694945A1EC3689C002814EC /* UIView+XIBEdit.swift */,
			);
			name = Support;
			sourceTree = "<group>";
		};
		06F6EA501EBA2F7500278594 /* View */ = {
			isa = PBXGroup;
			children = (
				06F09B3E1EBB1359002FD77C /* View */,
				06F09B3D1EBB1344002FD77C /* ViewController */,
				06F6EA611EBA315900278594 /* Cell */,
				06F6EA511EBA2F9500278594 /* Base */,
			);
			name = View;
			sourceTree = "<group>";
		};
		06F6EA511EBA2F9500278594 /* Base */ = {
			isa = PBXGroup;
			children = (
				06F6EA521EBA2FDA00278594 /* MainTabBarController.swift */,
				06F6EA541EBA306A00278594 /* ArticleNavigationController.swift */,
				06F6EA561EBA308600278594 /* WishNavigationController.swift */,
				06F6EA5A1EBA30B000278594 /* MineNavigationController.swift */,
			);
			name = Base;
			sourceTree = "<group>";
		};
		06F6EA601EBA311800278594 /* Cell */ = {
			isa = PBXGroup;
			children = (
				06F6EA631EBA319400278594 /* ArticleTypeATableViewCell.xib */,
				06F6EA671EBA31AA00278594 /* ArticleTypeBTableViewCell.xib */,
				06F6EA6B1EBA31C500278594 /* ArticleTypeCTableViewCell.xib */,
			);
			name = Cell;
			sourceTree = "<group>";
		};
		06F6EA611EBA315900278594 /* Cell */ = {
			isa = PBXGroup;
			children = (
				06F6EA621EBA319400278594 /* ArticleTypeATableViewCell.swift */,
				06F6EA661EBA31AA00278594 /* ArticleTypeBTableViewCell.swift */,
				06F6EA6A1EBA31C500278594 /* ArticleTypeCTableViewCell.swift */,
			);
			name = Cell;
			sourceTree = "<group>";
		};
/* End PBXGroup section */

/* Begin PBXNativeTarget section */
		06F6EA381EBA2E8700278594 /* Feeding */ = {
			isa = PBXNativeTarget;
			buildConfigurationList = 06F6EA4B1EBA2E8700278594 /* Build configuration list for PBXNativeTarget "Feeding" */;
			buildPhases = (
				06F6EA351EBA2E8700278594 /* Sources */,
				06F6EA361EBA2E8700278594 /* Frameworks */,
				06F6EA371EBA2E8700278594 /* Resources */,
			);
			buildRules = (
			);
			dependencies = (
			);
			name = Feeding;
			productName = Feeding;
			productReference = 06F6EA391EBA2E8700278594 /* Feeding.app */;
			productType = "com.apple.product-type.application";
		};
/* End PBXNativeTarget section */

/* Begin PBXProject section */
		06F6EA311EBA2E8700278594 /* Project object */ = {
			isa = PBXProject;
			attributes = {
				LastSwiftUpdateCheck = 0830;
				LastUpgradeCheck = 0830;
				ORGANIZATIONNAME = com.kazmastudio;
				TargetAttributes = {
					06F6EA381EBA2E8700278594 = {
						CreatedOnToolsVersion = 8.3;
						DevelopmentTeam = 6525DV2M7X;
						ProvisioningStyle = Automatic;
					};
				};
			};
			buildConfigurationList = 06F6EA341EBA2E8700278594 /* Build configuration list for PBXProject "Feeding" */;
			compatibilityVersion = "Xcode 3.2";
			developmentRegion = English;
			hasScannedForEncodings = 0;
			knownRegions = (
				en,
				Base,
			);
			mainGroup = 06F6EA301EBA2E8700278594;
			productRefGroup = 06F6EA3A1EBA2E8700278594 /* Products */;
			projectDirPath = "";
			projectRoot = "";
			targets = (
				06F6EA381EBA2E8700278594 /* Feeding */,
			);
		};
/* End PBXProject section */

/* Begin PBXResourcesBuildPhase section */
		06F6EA371EBA2E8700278594 /* Resources */ = {
			isa = PBXResourcesBuildPhase;
			buildActionMask = 2147483647;
			files = (
				06802A541EE39C9F007E8AC9 /* arrow-left.png in Resources */,
				06F09B421EBB141C002FD77C /* ArticleListCellAuthorView.xib in Resources */,
				06D1C2E91EE6BDD200E0D20F /* target@3x.png in Resources */,
				06F6EA6D1EBA31C500278594 /* ArticleTypeCTableViewCell.xib in Resources */,
				067BCDD11EC3557D007861A5 /* record.png in Resources */,
				069494591EC0BE60002814EC /* ArticleViewController.storyboard in Resources */,
				06F6EA471EBA2E8700278594 /* LaunchScreen.storyboard in Resources */,
				067BCDCE1EC3556D007861A5 /* avater-default-girl.png in Resources */,
				06D1C2F51EEBDE2400E0D20F /* article.png in Resources */,
				06F6EA691EBA31AA00278594 /* ArticleTypeBTableViewCell.xib in Resources */,
				06F6EA771EBA33A700278594 /* ArticleListTableViewController.storyboard in Resources */,
				06D1C2ED1EEA448100E0D20F /* target-color.png in Resources */,
				06F6EA441EBA2E8700278594 /* Assets.xcassets in Resources */,
				06F6EA651EBA319400278594 /* ArticleTypeATableViewCell.xib in Resources */,
				06D1C2EB1EE943BD00E0D20F /* chat.png in Resources */,
				067BCDCF1EC3556D007861A5 /* checked.png in Resources */,
				067BCDD31EC3558D007861A5 /* placeholder.png in Resources */,
				06D1C2E71EE6BCF300E0D20F /* star@3x.png in Resources */,
				06D1C2F31EEA48B500E0D20F /* target-o.png in Resources */,
				06A593481EBA36410048A98D /* WishListMapViewController.storyboard in Resources */,
				06F6EA421EBA2E8700278594 /* Main.storyboard in Resources */,
				06802A581EE5682D007E8AC9 /* share.png in Resources */,
			);
			runOnlyForDeploymentPostprocessing = 0;
		};
/* End PBXResourcesBuildPhase section */

/* Begin PBXSourcesBuildPhase section */
		06F6EA351EBA2E8700278594 /* Sources */ = {
			isa = PBXSourcesBuildPhase;
			buildActionMask = 2147483647;
			files = (
				06F6EA701EBA321D00278594 /* WishListMapViewController.swift in Sources */,
				06802A561EE54D9B007E8AC9 /* Util.swift in Sources */,
				06F6EA5E1EBA30DF00278594 /* ArticleListTableViewController.swift in Sources */,
				06F6EA741EBA327900278594 /* MineTableViewController.swift in Sources */,
				06F6EA571EBA308600278594 /* WishNavigationController.swift in Sources */,
				06F09B441EBB15D4002FD77C /* ArticleListCellAuthorView.swift in Sources */,
				0694945B1EC3689C002814EC /* UIView+XIBEdit.swift in Sources */,
				06F6EA531EBA2FDA00278594 /* MainTabBarController.swift in Sources */,
				0684D87E1EC03971000E204E /* ArticleListModel.swift in Sources */,
				06F6EA3D1EBA2E8700278594 /* AppDelegate.swift in Sources */,
				06F6EA551EBA306A00278594 /* ArticleNavigationController.swift in Sources */,
				069494571EC0BE43002814EC /* ArticleViewController.swift in Sources */,
				06F6EA681EBA31AA00278594 /* ArticleTypeBTableViewCell.swift in Sources */,
				06F6EA641EBA319400278594 /* ArticleTypeATableViewCell.swift in Sources */,
				0684D8801EC03D13000E204E /* AuthorInfoModel.swift in Sources */,
				06F09B3A1EBB0804002FD77C /* CONST.swift in Sources */,
				06F6EA6C1EBA31C500278594 /* ArticleTypeCTableViewCell.swift in Sources */,
				06F6EA5B1EBA30B000278594 /* MineNavigationController.swift in Sources */,
			);
			runOnlyForDeploymentPostprocessing = 0;
		};
/* End PBXSourcesBuildPhase section */

/* Begin PBXVariantGroup section */
		06F6EA401EBA2E8700278594 /* Main.storyboard */ = {
			isa = PBXVariantGroup;
			children = (
				06F6EA411EBA2E8700278594 /* Base */,
			);
			name = Main.storyboard;
			sourceTree = "<group>";
		};
		06F6EA451EBA2E8700278594 /* LaunchScreen.storyboard */ = {
			isa = PBXVariantGroup;
			children = (
				06F6EA461EBA2E8700278594 /* Base */,
			);
			name = LaunchScreen.storyboard;
			sourceTree = "<group>";
		};
/* End PBXVariantGroup section */

/* Begin XCBuildConfiguration section */
		06F6EA491EBA2E8700278594 /* Debug */ = {
			isa = XCBuildConfiguration;
			buildSettings = {
				ALWAYS_SEARCH_USER_PATHS = NO;
				CLANG_ANALYZER_NONNULL = YES;
				CLANG_ANALYZER_NUMBER_OBJECT_CONVERSION = YES_AGGRESSIVE;
				CLANG_CXX_LANGUAGE_STANDARD = "gnu++0x";
				CLANG_CXX_LIBRARY = "libc++";
				CLANG_ENABLE_MODULES = YES;
				CLANG_ENABLE_OBJC_ARC = YES;
				CLANG_WARN_BOOL_CONVERSION = YES;
				CLANG_WARN_CONSTANT_CONVERSION = YES;
				CLANG_WARN_DIRECT_OBJC_ISA_USAGE = YES_ERROR;
				CLANG_WARN_DOCUMENTATION_COMMENTS = YES;
				CLANG_WARN_EMPTY_BODY = YES;
				CLANG_WARN_ENUM_CONVERSION = YES;
				CLANG_WARN_INFINITE_RECURSION = YES;
				CLANG_WARN_INT_CONVERSION = YES;
				CLANG_WARN_OBJC_ROOT_CLASS = YES_ERROR;
				CLANG_WARN_SUSPICIOUS_MOVE = YES;
				CLANG_WARN_UNREACHABLE_CODE = YES;
				CLANG_WARN__DUPLICATE_METHOD_MATCH = YES;
				"CODE_SIGN_IDENTITY[sdk=iphoneos*]" = "iPhone Developer";
				COPY_PHASE_STRIP = NO;
				DEBUG_INFORMATION_FORMAT = dwarf;
				ENABLE_STRICT_OBJC_MSGSEND = YES;
				ENABLE_TESTABILITY = YES;
				GCC_C_LANGUAGE_STANDARD = gnu99;
				GCC_DYNAMIC_NO_PIC = NO;
				GCC_NO_COMMON_BLOCKS = YES;
				GCC_OPTIMIZATION_LEVEL = 0;
				GCC_PREPROCESSOR_DEFINITIONS = (
					"DEBUG=1",
					"$(inherited)",
				);
				GCC_WARN_64_TO_32_BIT_CONVERSION = YES;
				GCC_WARN_ABOUT_RETURN_TYPE = YES_ERROR;
				GCC_WARN_UNDECLARED_SELECTOR = YES;
				GCC_WARN_UNINITIALIZED_AUTOS = YES_AGGRESSIVE;
				GCC_WARN_UNUSED_FUNCTION = YES;
				GCC_WARN_UNUSED_VARIABLE = YES;
				IPHONEOS_DEPLOYMENT_TARGET = 10.3;
				MTL_ENABLE_DEBUG_INFO = YES;
				ONLY_ACTIVE_ARCH = YES;
				SDKROOT = iphoneos;
				SWIFT_ACTIVE_COMPILATION_CONDITIONS = DEBUG;
				SWIFT_OPTIMIZATION_LEVEL = "-Onone";
				TARGETED_DEVICE_FAMILY = "1,2";
			};
			name = Debug;
		};
		06F6EA4A1EBA2E8700278594 /* Release */ = {
			isa = XCBuildConfiguration;
			buildSettings = {
				ALWAYS_SEARCH_USER_PATHS = NO;
				CLANG_ANALYZER_NONNULL = YES;
				CLANG_ANALYZER_NUMBER_OBJECT_CONVERSION = YES_AGGRESSIVE;
				CLANG_CXX_LANGUAGE_STANDARD = "gnu++0x";
				CLANG_CXX_LIBRARY = "libc++";
				CLANG_ENABLE_MODULES = YES;
				CLANG_ENABLE_OBJC_ARC = YES;
				CLANG_WARN_BOOL_CONVERSION = YES;
				CLANG_WARN_CONSTANT_CONVERSION = YES;
				CLANG_WARN_DIRECT_OBJC_ISA_USAGE = YES_ERROR;
				CLANG_WARN_DOCUMENTATION_COMMENTS = YES;
				CLANG_WARN_EMPTY_BODY = YES;
				CLANG_WARN_ENUM_CONVERSION = YES;
				CLANG_WARN_INFINITE_RECURSION = YES;
				CLANG_WARN_INT_CONVERSION = YES;
				CLANG_WARN_OBJC_ROOT_CLASS = YES_ERROR;
				CLANG_WARN_SUSPICIOUS_MOVE = YES;
				CLANG_WARN_UNREACHABLE_CODE = YES;
				CLANG_WARN__DUPLICATE_METHOD_MATCH = YES;
				"CODE_SIGN_IDENTITY[sdk=iphoneos*]" = "iPhone Developer";
				COPY_PHASE_STRIP = NO;
				DEBUG_INFORMATION_FORMAT = "dwarf-with-dsym";
				ENABLE_NS_ASSERTIONS = NO;
				ENABLE_STRICT_OBJC_MSGSEND = YES;
				GCC_C_LANGUAGE_STANDARD = gnu99;
				GCC_NO_COMMON_BLOCKS = YES;
				GCC_WARN_64_TO_32_BIT_CONVERSION = YES;
				GCC_WARN_ABOUT_RETURN_TYPE = YES_ERROR;
				GCC_WARN_UNDECLARED_SELECTOR = YES;
				GCC_WARN_UNINITIALIZED_AUTOS = YES_AGGRESSIVE;
				GCC_WARN_UNUSED_FUNCTION = YES;
				GCC_WARN_UNUSED_VARIABLE = YES;
				IPHONEOS_DEPLOYMENT_TARGET = 10.3;
				MTL_ENABLE_DEBUG_INFO = NO;
				SDKROOT = iphoneos;
				SWIFT_OPTIMIZATION_LEVEL = "-Owholemodule";
				TARGETED_DEVICE_FAMILY = "1,2";
				VALIDATE_PRODUCT = YES;
			};
			name = Release;
		};
		06F6EA4C1EBA2E8700278594 /* Debug */ = {
			isa = XCBuildConfiguration;
			buildSettings = {
				ASSETCATALOG_COMPILER_APPICON_NAME = AppIcon;
				DEVELOPMENT_TEAM = 6525DV2M7X;
				INFOPLIST_FILE = Feeding/Info.plist;
				LD_RUNPATH_SEARCH_PATHS = "$(inherited) @executable_path/Frameworks";
				PRODUCT_BUNDLE_IDENTIFIER = com.kazmastudio.Feeding;
				PRODUCT_NAME = "$(TARGET_NAME)";
				SWIFT_VERSION = 3.0;
			};
			name = Debug;
		};
		06F6EA4D1EBA2E8700278594 /* Release */ = {
			isa = XCBuildConfiguration;
			buildSettings = {
				ASSETCATALOG_COMPILER_APPICON_NAME = AppIcon;
				DEVELOPMENT_TEAM = 6525DV2M7X;
				INFOPLIST_FILE = Feeding/Info.plist;
				LD_RUNPATH_SEARCH_PATHS = "$(inherited) @executable_path/Frameworks";
				PRODUCT_BUNDLE_IDENTIFIER = com.kazmastudio.Feeding;
				PRODUCT_NAME = "$(TARGET_NAME)";
				SWIFT_VERSION = 3.0;
			};
			name = Release;
		};
/* End XCBuildConfiguration section */

/* Begin XCConfigurationList section */
		06F6EA341EBA2E8700278594 /* Build configuration list for PBXProject "Feeding" */ = {
			isa = XCConfigurationList;
			buildConfigurations = (
				06F6EA491EBA2E8700278594 /* Debug */,
				06F6EA4A1EBA2E8700278594 /* Release */,
			);
			defaultConfigurationIsVisible = 0;
			defaultConfigurationName = Release;
		};
		06F6EA4B1EBA2E8700278594 /* Build configuration list for PBXNativeTarget "Feeding" */ = {
			isa = XCConfigurationList;
			buildConfigurations = (
				06F6EA4C1EBA2E8700278594 /* Debug */,
				06F6EA4D1EBA2E8700278594 /* Release */,
			);
			defaultConfigurationIsVisible = 0;
			defaultConfigurationName = Release;
		};
/* End XCConfigurationList section */
	};
	rootObject = 06F6EA311EBA2E8700278594 /* Project object */;
}
